
Microsoft Visual Studio Solution File, Format Version 12.00
# Visual Studio Version 17
VisualStudioVersion = 17.0.31903.59
MinimumVisualStudioVersion = 10.0.40219.1
Project("{2150E333-8FDC-42A3-9474-1A3956D46DE8}") = "src", "src", "{827E0CD3-B72D-47B6-A68D-7590B98EB39B}"
EndProject
Project("{FAE04EC0-301F-11D3-BF4B-00C04F79EFBC}") = "FolderPrint.Cli", "src\FolderPrint.Cli\FolderPrint.Cli.csproj", "{C8B2ED85-E691-4DD8-B064-DEED29C13A00}"
EndProject
Project("{FAE04EC0-301F-11D3-BF4B-00C04F79EFBC}") = "FolderPrint.Core", "src\FolderPrint.Core\FolderPrint.Core.csproj", "{E792668A-58C4-4C68-B0EF-8FA1124C7D4A}"
EndProject
Project("{2150E333-8FDC-42A3-9474-1A3956D46DE8}") = "tests", "tests", "{0AB3BF05-4346-4AA6-1389-037BE0695223}"
EndProject
Project("{FAE04EC0-301F-11D3-BF4B-00C04F79EFBC}") = "FolderPrint.Tests", "tests\FolderPrint.Tests\FolderPrint.Tests.csproj", "{CABE0132-C834-4025-89D2-830A25379499}"
EndProject
Global
	GlobalSection(SolutionConfigurationPlatforms) = preSolution
		Debug|Any CPU = Debug|Any CPU
		Debug|x64 = Debug|x64
		Debug|x86 = Debug|x86
		Release|Any CPU = Release|Any CPU
		Release|x64 = Release|x64
		Release|x86 = Release|x86
	EndGlobalSection
	GlobalSection(ProjectConfigurationPlatforms) = postSolution
		{C8B2ED85-E691-4DD8-B064-DEED29C13A00}.Debug|Any CPU.ActiveCfg = Debug|Any CPU
		{C8B2ED85-E691-4DD8-B064-DEED29C13A00}.Debug|Any CPU.Build.0 = Debug|Any CPU
		{C8B2ED85-E691-4DD8-B064-DEED29C13A00}.Debug|x64.ActiveCfg = Debug|Any CPU
		{C8B2ED85-E691-4DD8-B064-DEED29C13A00}.Debug|x64.Build.0 = Debug|Any CPU
		{C8B2ED85-E691-4DD8-B064-DEED29C13A00}.Debug|x86.ActiveCfg = Debug|Any CPU
		{C8B2ED85-E691-4DD8-B064-DEED29C13A00}.Debug|x86.Build.0 = Debug|Any CPU
		{C8B2ED85-E691-4DD8-B064-DEED29C13A00}.Release|Any CPU.ActiveCfg = Release|Any CPU
		{C8B2ED85-E691-4DD8-B064-DEED29C13A00}.Release|Any CPU.Build.0 = Release|Any CPU
		{C8B2ED85-E691-4DD8-B064-DEED29C13A00}.Release|x64.ActiveCfg = Release|Any CPU
		{C8B2ED85-E691-4DD8-B064-DEED29C13A00}.Release|x64.Build.0 = Release|Any CPU
		{C8B2ED85-E691-4DD8-B064-DEED29C13A00}.Release|x86.ActiveCfg = Release|Any CPU
		{C8B2ED85-E691-4DD8-B064-DEED29C13A00}.Release|x86.Build.0 = Release|Any CPU
		{E792668A-58C4-4C68-B0EF-8FA1124C7D4A}.Debug|Any CPU.ActiveCfg = Debug|Any CPU
		{E792668A-58C4-4C68-B0EF-8FA1124C7D4A}.Debug|Any CPU.Build.0 = Debug|Any CPU
		{E792668A-58C4-4C68-B0EF-8FA1124C7D4A}.Debug|x64.ActiveCfg = Debug|Any CPU
		{E792668A-58C4-4C68-B0EF-8FA1124C7D4A}.Debug|x64.Build.0 = Debug|Any CPU
		{E792668A-58C4-4C68-B0EF-8FA1124C7D4A}.Debug|x86.ActiveCfg = Debug|Any CPU
		{E792668A-58C4-4C68-B0EF-8FA1124C7D4A}.Debug|x86.Build.0 = Debug|Any CPU
		{E792668A-58C4-4C68-B0EF-8FA1124C7D4A}.Release|Any CPU.ActiveCfg = Release|Any CPU
		{E792668A-58C4-4C68-B0EF-8FA1124C7D4A}.Release|Any CPU.Build.0 = Release|Any CPU
		{E792668A-58C4-4C68-B0EF-8FA1124C7D4A}.Release|x64.ActiveCfg = Release|Any CPU
		{E792668A-58C4-4C68-B0EF-8FA1124C7D4A}.Release|x64.Build.0 = Release|Any CPU
		{E792668A-58C4-4C68-B0EF-8FA1124C7D4A}.Release|x86.ActiveCfg = Release|Any CPU
		{E792668A-58C4-4C68-B0EF-8FA1124C7D4A}.Release|x86.Build.0 = Release|Any CPU
		{CABE0132-C834-4025-89D2-830A25379499}.Debug|Any CPU.ActiveCfg = Debug|Any CPU
		{CABE0132-C834-4025-89D2-830A25379499}.Debug|Any CPU.Build.0 = Debug|Any CPU
		{CABE0132-C834-4025-89D2-830A25379499}.Debug|x64.ActiveCfg = Debug|Any CPU
		{CABE0132-C834-4025-89D2-830A25379499}.Debug|x64.Build.0 = Debug|Any CPU
		{CABE0132-C834-4025-89D2-830A25379499}.Debug|x86.ActiveCfg = Debug|Any CPU
		{CABE0132-C834-4025-89D2-830A25379499}.Debug|x86.Build.0 = Debug|Any CPU
		{CABE0132-C834-4025-89D2-830A25379499}.Release|Any CPU.ActiveCfg = Release|Any CPU
		{CABE0132-C834-4025-89D2-830A25379499}.Release|Any CPU.Build.0 = Release|Any CPU
		{CABE0132-C834-4025-89D2-830A25379499}.Release|x64.ActiveCfg = Release|Any CPU
		{CABE0132-C834-4025-89D2-830A25379499}.Release|x64.Build.0 = Release|Any CPU
		{CABE0132-C834-4025-89D2-830A25379499}.Release|x86.ActiveCfg = Release|Any CPU
		{CABE0132-C834-4025-89D2-830A25379499}.Release|x86.Build.0 = Release|Any CPU
	EndGlobalSection
	GlobalSection(SolutionProperties) = preSolution
		HideSolutionNode = FALSE
	EndGlobalSection
	GlobalSection(NestedProjects) = preSolution
		{C8B2ED85-E691-4DD8-B064-DEED29C13A00} = {827E0CD3-B72D-47B6-A68D-7590B98EB39B}
		{E792668A-58C4-4C68-B0EF-8FA1124C7D4A} = {827E0CD3-B72D-47B6-A68D-7590B98EB39B}
		{CABE0132-C834-4025-89D2-830A25379499} = {0AB3BF05-4346-4AA6-1389-037BE0695223}
	EndGlobalSection
EndGlobal
